// !$*UTF8*$!
{
	archiveVersion = 1;
	classes = {
	};
	objectVersion = 50;
	objects = {

/* Begin PBXBuildFile section */
		09F721462706937B00747150 /* BindingPracticeApp.swift in Sources */ = {isa = PBXBuildFile; fileRef = 09F721452706937B00747150 /* BindingPracticeApp.swift */; };
		09F7214A2706938000747150 /* Assets.xcassets in Resources */ = {isa = PBXBuildFile; fileRef = 09F721492706938000747150 /* Assets.xcassets */; };
		09F7214D2706938000747150 /* Preview Assets.xcassets in Resources */ = {isa = PBXBuildFile; fileRef = 09F7214C2706938000747150 /* Preview Assets.xcassets */; };
		09F721582706938000747150 /* BindingPracticeTests.swift in Sources */ = {isa = PBXBuildFile; fileRef = 09F721572706938000747150 /* BindingPracticeTests.swift */; };
		09F721632706938000747150 /* BindingPracticeUITests.swift in Sources */ = {isa = PBXBuildFile; fileRef = 09F721622706938000747150 /* BindingPracticeUITests.swift */; };
		09F721732706BDF500747150 /* SimpleView.swift in Sources */ = {isa = PBXBuildFile; fileRef = 09F721722706BDF500747150 /* SimpleView.swift */; };
		09F721752706BECA00747150 /* SimpleChangeTimeOfDayView.swift in Sources */ = {isa = PBXBuildFile; fileRef = 09F721742706BECA00747150 /* SimpleChangeTimeOfDayView.swift */; };
/* End PBXBuildFile section */

/* Begin PBXContainerItemProxy section */
		09F721542706938000747150 /* PBXContainerItemProxy */ = {
			isa = PBXContainerItemProxy;
			containerPortal = 09F7213A2706937B00747150 /* Project object */;
			proxyType = 1;
			remoteGlobalIDString = 09F721412706937B00747150;
			remoteInfo = BindingPractice;
		};
		09F7215F2706938000747150 /* PBXContainerItemProxy */ = {
			isa = PBXContainerItemProxy;
			containerPortal = 09F7213A2706937B00747150 /* Project object */;
			proxyType = 1;
			remoteGlobalIDString = 09F721412706937B00747150;
			remoteInfo = BindingPractice;
		};
/* End PBXContainerItemProxy section */

/* Begin PBXFileReference section */
		09F721422706937B00747150 /* BindingPractice.app */ = {isa = PBXFileReference; explicitFileType = wrapper.application; includeInIndex = 0; path = BindingPractice.app; sourceTree = BUILT_PRODUCTS_DIR; };
		09F721452706937B00747150 /* BindingPracticeApp.swift */ = {isa = PBXFileReference; lastKnownFileType = sourcecode.swift; path = BindingPracticeApp.swift; sourceTree = "<group>"; };
		09F721492706938000747150 /* Assets.xcassets */ = {isa = PBXFileReference; lastKnownFileType = folder.assetcatalog; path = Assets.xcassets; sourceTree = "<group>"; };
		09F7214C2706938000747150 /* Preview Assets.xcassets */ = {isa = PBXFileReference; lastKnownFileType = folder.assetcatalog; path = "Preview Assets.xcassets"; sourceTree = "<group>"; };
		09F7214E2706938000747150 /* Info.plist */ = {isa = PBXFileReference; lastKnownFileType = text.plist.xml; path = Info.plist; sourceTree = "<group>"; };
		09F721532706938000747150 /* BindingPracticeTests.xctest */ = {isa = PBXFileReference; explicitFileType = wrapper.cfbundle; includeInIndex = 0; path = BindingPracticeTests.xctest; sourceTree = BUILT_PRODUCTS_DIR; };
		09F721572706938000747150 /* BindingPracticeTests.swift */ = {isa = PBXFileReference; lastKnownFileType = sourcecode.swift; path = BindingPracticeTests.swift; sourceTree = "<group>"; };
		09F721592706938000747150 /* Info.plist */ = {isa = PBXFileReference; lastKnownFileType = text.plist.xml; path = Info.plist; sourceTree = "<group>"; };
		09F7215E2706938000747150 /* BindingPracticeUITests.xctest */ = {isa = PBXFileReference; explicitFileType = wrapper.cfbundle; includeInIndex = 0; path = BindingPracticeUITests.xctest; sourceTree = BUILT_PRODUCTS_DIR; };
		09F721622706938000747150 /* BindingPracticeUITests.swift */ = {isa = PBXFileReference; lastKnownFileType = sourcecode.swift; path = BindingPracticeUITests.swift; sourceTree = "<group>"; };
		09F721642706938000747150 /* Info.plist */ = {isa = PBXFileReference; lastKnownFileType = text.plist.xml; path = Info.plist; sourceTree = "<group>"; };
		09F721722706BDF500747150 /* SimpleView.swift */ = {isa = PBXFileReference; lastKnownFileType = sourcecode.swift; path = SimpleView.swift; sourceTree = "<group>"; };
		09F721742706BECA00747150 /* SimpleChangeTimeOfDayView.swift */ = {isa = PBXFileReference; lastKnownFileType = sourcecode.swift; path = SimpleChangeTimeOfDayView.swift; sourceTree = "<group>"; };
/* End PBXFileReference section */

/* Begin PBXFrameworksBuildPhase section */
		09F7213F2706937B00747150 /* Frameworks */ = {
			isa = PBXFrameworksBuildPhase;
			buildActionMask = 2147483647;
			files = (
			);
			runOnlyForDeploymentPostprocessing = 0;
		};
		09F721502706938000747150 /* Frameworks */ = {
			isa = PBXFrameworksBuildPhase;
			buildActionMask = 2147483647;
			files = (
			);
			runOnlyForDeploymentPostprocessing = 0;
		};
		09F7215B2706938000747150 /* Frameworks */ = {
			isa = PBXFrameworksBuildPhase;
			buildActionMask = 2147483647;
			files = (
			);
			runOnlyForDeploymentPostprocessing = 0;
		};
/* End PBXFrameworksBuildPhase section */

/* Begin PBXGroup section */
		09F721392706937B00747150 = {
			isa = PBXGroup;
			children = (
				09F721442706937B00747150 /* BindingPractice */,
				09F721562706938000747150 /* BindingPracticeTests */,
				09F721612706938000747150 /* BindingPracticeUITests */,
				09F721432706937B00747150 /* Products */,
			);
			sourceTree = "<group>";
		};
		09F721432706937B00747150 /* Products */ = {
			isa = PBXGroup;
			children = (
				09F721422706937B00747150 /* BindingPractice.app */,
				09F721532706938000747150 /* BindingPracticeTests.xctest */,
				09F7215E2706938000747150 /* BindingPracticeUITests.xctest */,
			);
			name = Products;
			sourceTree = "<group>";
		};
		09F721442706937B00747150 /* BindingPractice */ = {
			isa = PBXGroup;
			children = (
				09F721452706937B00747150 /* BindingPracticeApp.swift */,
				09F721492706938000747150 /* Assets.xcassets */,
				09F721722706BDF500747150 /* SimpleView.swift */,
				09F721742706BECA00747150 /* SimpleChangeTimeOfDayView.swift */,
				09F7214E2706938000747150 /* Info.plist */,
				09F7214B2706938000747150 /* Preview Content */,
			);
			path = BindingPractice;
			sourceTree = "<group>";
		};
		09F7214B2706938000747150 /* Preview Content */ = {
			isa = PBXGroup;
			children = (
				09F7214C2706938000747150 /* Preview Assets.xcassets */,
			);
			path = "Preview Content";
			sourceTree = "<group>";
		};
		09F721562706938000747150 /* BindingPracticeTests */ = {
			isa = PBXGroup;
			children = (
				09F721572706938000747150 /* BindingPracticeTests.swift */,
				09F721592706938000747150 /* Info.plist */,
			);
			path = BindingPracticeTests;
			sourceTree = "<group>";
		};
		09F721612706938000747150 /* BindingPracticeUITests */ = {
			isa = PBXGroup;
			children = (
				09F721622706938000747150 /* BindingPracticeUITests.swift */,
				09F721642706938000747150 /* Info.plist */,
			);
			path = BindingPracticeUITests;
			sourceTree = "<group>";
		};
/* End PBXGroup section */

/* Begin PBXNativeTarget section */
		09F721412706937B00747150 /* BindingPractice */ = {
			isa = PBXNativeTarget;
			buildConfigurationList = 09F721672706938000747150 /* Build configuration list for PBXNativeTarget "BindingPractice" */;
			buildPhases = (
				09F7213E2706937B00747150 /* Sources */,
				09F7213F2706937B00747150 /* Frameworks */,
				09F721402706937B00747150 /* Resources */,
			);
			buildRules = (
			);
			dependencies = (
			);
			name = BindingPractice;
			productName = BindingPractice;
			productReference = 09F721422706937B00747150 /* BindingPractice.app */;
			productType = "com.apple.product-type.application";
		};
		09F721522706938000747150 /* BindingPracticeTests */ = {
			isa = PBXNativeTarget;
			buildConfigurationList = 09F7216A2706938000747150 /* Build configuration list for PBXNativeTarget "BindingPracticeTests" */;
			buildPhases = (
				09F7214F2706938000747150 /* Sources */,
				09F721502706938000747150 /* Frameworks */,
				09F721512706938000747150 /* Resources */,
			);
			buildRules = (
			);
			dependencies = (
				09F721552706938000747150 /* PBXTargetDependency */,
			);
			name = BindingPracticeTests;
			productName = BindingPracticeTests;
			productReference = 09F721532706938000747150 /* BindingPracticeTests.xctest */;
			productType = "com.apple.product-type.bundle.unit-test";
		};
		09F7215D2706938000747150 /* BindingPracticeUITests */ = {
			isa = PBXNativeTarget;
			buildConfigurationList = 09F7216D2706938000747150 /* Build configuration list for PBXNativeTarget "BindingPracticeUITests" */;
			buildPhases = (
				09F7215A2706938000747150 /* Sources */,
				09F7215B2706938000747150 /* Frameworks */,
				09F7215C2706938000747150 /* Resources */,
			);
			buildRules = (
			);
			dependencies = (
				09F721602706938000747150 /* PBXTargetDependency */,
			);
			name = BindingPracticeUITests;
			productName = BindingPracticeUITests;
			productReference = 09F7215E2706938000747150 /* BindingPracticeUITests.xctest */;
			productType = "com.apple.product-type.bundle.ui-testing";
		};
/* End PBXNativeTarget section */

/* Begin PBXProject section */
		09F7213A2706937B00747150 /* Project object */ = {
			isa = PBXProject;
			attributes = {
				LastSwiftUpdateCheck = 1250;
				LastUpgradeCheck = 1250;
				TargetAttributes = {
					09F721412706937B00747150 = {
						CreatedOnToolsVersion = 12.5;
					};
					09F721522706938000747150 = {
						CreatedOnToolsVersion = 12.5;
						TestTargetID = 09F721412706937B00747150;
					};
					09F7215D2706938000747150 = {
						CreatedOnToolsVersion = 12.5;
						TestTargetID = 09F721412706937B00747150;
					};
				};
			};
			buildConfigurationList = 09F7213D2706937B00747150 /* Build configuration list for PBXProject "BindingPractice" */;
			compatibilityVersion = "Xcode 9.3";
			developmentRegion = en;
			hasScannedForEncodings = 0;
			knownRegions = (
				en,
				Base,
			);
			mainGroup = 09F721392706937B00747150;
			productRefGroup = 09F721432706937B00747150 /* Products */;
			projectDirPath = "";
			projectRoot = "";
			targets = (
				09F721412706937B00747150 /* BindingPractice */,
				09F721522706938000747150 /* BindingPracticeTests */,
				09F7215D2706938000747150 /* BindingPracticeUITests */,
			);
		};
/* End PBXProject section */

/* Begin PBXResourcesBuildPhase section */
		09F721402706937B00747150 /* Resources */ = {
			isa = PBXResourcesBuildPhase;
			buildActionMask = 2147483647;
			files = (
				09F7214D2706938000747150 /* Preview Assets.xcassets in Resources */,
				09F7214A2706938000747150 /* Assets.xcassets in Resources */,
			);
			runOnlyForDeploymentPostprocessing = 0;
		};
		09F721512706938000747150 /* Resources */ = {
			isa = PBXResourcesBuildPhase;
			buildActionMask = 2147483647;
			files = (
			);
			runOnlyForDeploymentPostprocessing = 0;
		};
		09F7215C2706938000747150 /* Resources */ = {
			isa = PBXResourcesBuildPhase;
			buildActionMask = 2147483647;
			files = (
			);
			runOnlyForDeploymentPostprocessing = 0;
		};
/* End PBXResourcesBuildPhase section */

/* Begin PBXSourcesBuildPhase section */
		09F7213E2706937B00747150 /* Sources */ = {
			isa = PBXSourcesBuildPhase;
			buildActionMask = 2147483647;
			files = (
				09F721732706BDF500747150 /* SimpleView.swift in Sources */,
				09F721462706937B00747150 /* BindingPracticeApp.swift in Sources */,
				09F721752706BECA00747150 /* SimpleChangeTimeOfDayView.swift in Sources */,
			);
			runOnlyForDeploymentPostprocessing = 0;
		};
		09F7214F2706938000747150 /* Sources */ = {
			isa = PBXSourcesBuildPhase;
			buildActionMask = 2147483647;
			files = (
				09F721582706938000747150 /* BindingPracticeTests.swift in Sources */,
			);
			runOnlyForDeploymentPostprocessing = 0;
		};
		09F7215A2706938000747150 /* Sources */ = {
			isa = PBXSourcesBuildPhase;
			buildActionMask = 2147483647;
			files = (
				09F721632706938000747150 /* BindingPracticeUITests.swift in Sources */,
			);
			runOnlyForDeploymentPostprocessing = 0;
		};
/* End PBXSourcesBuildPhase section */

/* Begin PBXTargetDependency section */
		09F721552706938000747150 /* PBXTargetDependency */ = {
			isa = PBXTargetDependency;
			target = 09F721412706937B00747150 /* BindingPractice */;
			targetProxy = 09F721542706938000747150 /* PBXContainerItemProxy */;
		};
		09F721602706938000747150 /* PBXTargetDependency */ = {
			isa = PBXTargetDependency;
			target = 09F721412706937B00747150 /* BindingPractice */;
			targetProxy = 09F7215F2706938000747150 /* PBXContainerItemProxy */;
		};
/* End PBXTargetDependency section */

/* Begin XCBuildConfiguration section */
		09F721652706938000747150 /* Debug */ = {
			isa = XCBuildConfiguration;
			buildSettings = {
				ALWAYS_SEARCH_USER_PATHS = NO;
				CLANG_ANALYZER_NONNULL = YES;
				CLANG_ANALYZER_NUMBER_OBJECT_CONVERSION = YES_AGGRESSIVE;
				CLANG_CXX_LANGUAGE_STANDARD = "gnu++14";
				CLANG_CXX_LIBRARY = "libc++";
				CLANG_ENABLE_MODULES = YES;
				CLANG_ENABLE_OBJC_ARC = YES;
				CLANG_ENABLE_OBJC_WEAK = YES;
				CLANG_WARN_BLOCK_CAPTURE_AUTORELEASING = YES;
				CLANG_WARN_BOOL_CONVERSION = YES;
				CLANG_WARN_COMMA = YES;
				CLANG_WARN_CONSTANT_CONVERSION = YES;
				CLANG_WARN_DEPRECATED_OBJC_IMPLEMENTATIONS = YES;
				CLANG_WARN_DIRECT_OBJC_ISA_USAGE = YES_ERROR;
				CLANG_WARN_DOCUMENTATION_COMMENTS = YES;
				CLANG_WARN_EMPTY_BODY = YES;
				CLANG_WARN_ENUM_CONVERSION = YES;
				CLANG_WARN_INFINITE_RECURSION = YES;
				CLANG_WARN_INT_CONVERSION = YES;
				CLANG_WARN_NON_LITERAL_NULL_CONVERSION = YES;
				CLANG_WARN_OBJC_IMPLICIT_RETAIN_SELF = YES;
				CLANG_WARN_OBJC_LITERAL_CONVERSION = YES;
				CLANG_WARN_OBJC_ROOT_CLASS = YES_ERROR;
				CLANG_WARN_QUOTED_INCLUDE_IN_FRAMEWORK_HEADER = YES;
				CLANG_WARN_RANGE_LOOP_ANALYSIS = YES;
				CLANG_WARN_STRICT_PROTOTYPES = YES;
				CLANG_WARN_SUSPICIOUS_MOVE = YES;
				CLANG_WARN_UNGUARDED_AVAILABILITY = YES_AGGRESSIVE;
				CLANG_WARN_UNREACHABLE_CODE = YES;
				CLANG_WARN__DUPLICATE_METHOD_MATCH = YES;
				COPY_PHASE_STRIP = NO;
				DEBUG_INFORMATION_FORMAT = dwarf;
				ENABLE_STRICT_OBJC_MSGSEND = YES;
				ENABLE_TESTABILITY = YES;
				GCC_C_LANGUAGE_STANDARD = gnu11;
				GCC_DYNAMIC_NO_PIC = NO;
				GCC_NO_COMMON_BLOCKS = YES;
				GCC_OPTIMIZATION_LEVEL = 0;
				GCC_PREPROCESSOR_DEFINITIONS = (
					"DEBUG=1",
					"$(inherited)",
				);
				GCC_WARN_64_TO_32_BIT_CONVERSION = YES;
				GCC_WARN_ABOUT_RETURN_TYPE = YES_ERROR;
				GCC_WARN_UNDECLARED_SELECTOR = YES;
				GCC_WARN_UNINITIALIZED_AUTOS = YES_AGGRESSIVE;
				GCC_WARN_UNUSED_FUNCTION = YES;
				GCC_WARN_UNUSED_VARIABLE = YES;
				IPHONEOS_DEPLOYMENT_TARGET = 14.5;
				MTL_ENABLE_DEBUG_INFO = INCLUDE_SOURCE;
				MTL_FAST_MATH = YES;
				ONLY_ACTIVE_ARCH = YES;
				SDKROOT = iphoneos;
				SWIFT_ACTIVE_COMPILATION_CONDITIONS = DEBUG;
				SWIFT_OPTIMIZATION_LEVEL = "-Onone";
			};
			name = Debug;
		};
		09F721662706938000747150 /* Release */ = {
			isa = XCBuildConfiguration;
			buildSettings = {
				ALWAYS_SEARCH_USER_PATHS = NO;
				CLANG_ANALYZER_NONNULL = YES;
				CLANG_ANALYZER_NUMBER_OBJECT_CONVERSION = YES_AGGRESSIVE;
				CLANG_CXX_LANGUAGE_STANDARD = "gnu++14";
				CLANG_CXX_LIBRARY = "libc++";
				CLANG_ENABLE_MODULES = YES;
				CLANG_ENABLE_OBJC_ARC = YES;
				CLANG_ENABLE_OBJC_WEAK = YES;
				CLANG_WARN_BLOCK_CAPTURE_AUTORELEASING = YES;
				CLANG_WARN_BOOL_CONVERSION = YES;
				CLANG_WARN_COMMA = YES;
				CLANG_WARN_CONSTANT_CONVERSION = YES;
				CLANG_WARN_DEPRECATED_OBJC_IMPLEMENTATIONS = YES;
				CLANG_WARN_DIRECT_OBJC_ISA_USAGE = YES_ERROR;
				CLANG_WARN_DOCUMENTATION_COMMENTS = YES;
				CLANG_WARN_EMPTY_BODY = YES;
				CLANG_WARN_ENUM_CONVERSION = YES;
				CLANG_WARN_INFINITE_RECURSION = YES;
				CLANG_WARN_INT_CONVERSION = YES;
				CLANG_WARN_NON_LITERAL_NULL_CONVERSION = YES;
				CLANG_WARN_OBJC_IMPLICIT_RETAIN_SELF = YES;
				CLANG_WARN_OBJC_LITERAL_CONVERSION = YES;
				CLANG_WARN_OBJC_ROOT_CLASS = YES_ERROR;
				CLANG_WARN_QUOTED_INCLUDE_IN_FRAMEWORK_HEADER = YES;
				CLANG_WARN_RANGE_LOOP_ANALYSIS = YES;
				CLANG_WARN_STRICT_PROTOTYPES = YES;
				CLANG_WARN_SUSPICIOUS_MOVE = YES;
				CLANG_WARN_UNGUARDED_AVAILABILITY = YES_AGGRESSIVE;
				CLANG_WARN_UNREACHABLE_CODE = YES;
				CLANG_WARN__DUPLICATE_METHOD_MATCH = YES;
				COPY_PHASE_STRIP = NO;
				DEBUG_INFORMATION_FORMAT = "dwarf-with-dsym";
				ENABLE_NS_ASSERTIONS = NO;
				ENABLE_STRICT_OBJC_MSGSEND = YES;
				GCC_C_LANGUAGE_STANDARD = gnu11;
				GCC_NO_COMMON_BLOCKS = YES;
				GCC_WARN_64_TO_32_BIT_CONVERSION = YES;
				GCC_WARN_ABOUT_RETURN_TYPE = YES_ERROR;
				GCC_WARN_UNDECLARED_SELECTOR = YES;
				GCC_WARN_UNINITIALIZED_AUTOS = YES_AGGRESSIVE;
				GCC_WARN_UNUSED_FUNCTION = YES;
				GCC_WARN_UNUSED_VARIABLE = YES;
				IPHONEOS_DEPLOYMENT_TARGET = 14.5;
				MTL_ENABLE_DEBUG_INFO = NO;
				MTL_FAST_MATH = YES;
				SDKROOT = iphoneos;
				SWIFT_COMPILATION_MODE = wholemodule;
				SWIFT_OPTIMIZATION_LEVEL = "-O";
				VALIDATE_PRODUCT = YES;
			};
			name = Release;
		};
		09F721682706938000747150 /* Debug */ = {
			isa = XCBuildConfiguration;
			buildSettings = {
				ASSETCATALOG_COMPILER_APPICON_NAME = AppIcon;
				ASSETCATALOG_COMPILER_GLOBAL_ACCENT_COLOR_NAME = AccentColor;
				CODE_SIGN_STYLE = Automatic;
				DEVELOPMENT_ASSET_PATHS = "\"BindingPractice/Preview Content\"";
				DEVELOPMENT_TEAM = F23GD77ZRK;
				ENABLE_PREVIEWS = YES;
				INFOPLIST_FILE = BindingPractice/Info.plist;
				IPHONEOS_DEPLOYMENT_TARGET = 14.0;
				LD_RUNPATH_SEARCH_PATHS = (
					"$(inherited)",
					"@executable_path/Frameworks",
				);
				PRODUCT_BUNDLE_IDENTIFIER = bcs.BindingPractice;
				PRODUCT_NAME = "$(TARGET_NAME)";
				SWIFT_VERSION = 5.0;
				TARGETED_DEVICE_FAMILY = "1,2";
			};
			name = Debug;
		};
		09F721692706938000747150 /* Release */ = {
			isa = XCBuildConfiguration;
			buildSettings = {
				ASSETCATALOG_COMPILER_APPICON_NAME = AppIcon;
				ASSETCATALOG_COMPILER_GLOBAL_ACCENT_COLOR_NAME = AccentColor;
				CODE_SIGN_STYLE = Automatic;
				DEVELOPMENT_ASSET_PATHS = "\"BindingPractice/Preview Content\"";
				DEVELOPMENT_TEAM = F23GD77ZRK;
				ENABLE_PREVIEWS = YES;
				INFOPLIST_FILE = BindingPractice/Info.plist;
				IPHONEOS_DEPLOYMENT_TARGET = 14.0;
				LD_RUNPATH_SEARCH_PATHS = (
					"$(inherited)",
					"@executable_path/Frameworks",
				);
				PRODUCT_BUNDLE_IDENTIFIER = bcs.BindingPractice;
				PRODUCT_NAME = "$(TARGET_NAME)";
				SWIFT_VERSION = 5.0;
				TARGETED_DEVICE_FAMILY = "1,2";
			};
			name = Release;
		};
		09F7216B2706938000747150 /* Debug */ = {
			isa = XCBuildConfiguration;
			buildSettings = {
				ALWAYS_EMBED_SWIFT_STANDARD_LIBRARIES = YES;
				BUNDLE_LOADER = "$(TEST_HOST)";
				CODE_SIGN_STYLE = Automatic;
				DEVELOPMENT_TEAM = F23GD77ZRK;
				INFOPLIST_FILE = BindingPracticeTests/Info.plist;
				IPHONEOS_DEPLOYMENT_TARGET = 14.0;
				LD_RUNPATH_SEARCH_PATHS = (
					"$(inherited)",
					"@executable_path/Frameworks",
					"@loader_path/Frameworks",
				);
				PRODUCT_BUNDLE_IDENTIFIER = bcs.BindingPracticeTests;
				PRODUCT_NAME = "$(TARGET_NAME)";
				SWIFT_VERSION = 5.0;
				TARGETED_DEVICE_FAMILY = "1,2";
				TEST_HOST = "$(BUILT_PRODUCTS_DIR)/BindingPractice.app/BindingPractice";
			};
			name = Debug;
		};
		09F7216C2706938000747150 /* Release */ = {
			isa = XCBuildConfiguration;
			buildSettings = {
				ALWAYS_EMBED_SWIFT_STANDARD_LIBRARIES = YES;
				BUNDLE_LOADER = "$(TEST_HOST)";
				CODE_SIGN_STYLE = Automatic;
				DEVELOPMENT_TEAM = F23GD77ZRK;
				INFOPLIST_FILE = BindingPracticeTests/Info.plist;
				IPHONEOS_DEPLOYMENT_TARGET = 14.0;
				LD_RUNPATH_SEARCH_PATHS = (
					"$(inherited)",
					"@executable_path/Frameworks",
					"@loader_path/Frameworks",
				);
				PRODUCT_BUNDLE_IDENTIFIER = bcs.BindingPracticeTests;
				PRODUCT_NAME = "$(TARGET_NAME)";
				SWIFT_VERSION = 5.0;
				TARGETED_DEVICE_FAMILY = "1,2";
				TEST_HOST = "$(BUILT_PRODUCTS_DIR)/BindingPractice.app/BindingPractice";
			};
			name = Release;
		};
		09F7216E2706938000747150 /* Debug */ = {
			isa = XCBuildConfiguration;
			buildSettings = {
				ALWAYS_EMBED_SWIFT_STANDARD_LIBRARIES = YES;
				CODE_SIGN_STYLE = Automatic;
				DEVELOPMENT_TEAM = F23GD77ZRK;
				INFOPLIST_FILE = BindingPracticeUITests/Info.plist;
				LD_RUNPATH_SEARCH_PATHS = (
					"$(inherited)",
					"@executable_path/Frameworks",
					"@loader_path/Frameworks",
				);
				PRODUCT_BUNDLE_IDENTIFIER = bcs.BindingPracticeUITests;
				PRODUCT_NAME = "$(TARGET_NAME)";
				SWIFT_VERSION = 5.0;
				TARGETED_DEVICE_FAMILY = "1,2";
				TEST_TARGET_NAME = BindingPractice;
			};
			name = Debug;
		};
		09F7216F2706938000747150 /* Release */ = {
			isa = XCBuildConfiguration;
			buildSettings = {
				ALWAYS_EMBED_SWIFT_STANDARD_LIBRARIES = YES;
				CODE_SIGN_STYLE = Automatic;
				DEVELOPMENT_TEAM = F23GD77ZRK;
				INFOPLIST_FILE = BindingPracticeUITests/Info.plist;
				LD_RUNPATH_SEARCH_PATHS = (
					"$(inherited)",
					"@executable_path/Frameworks",
					"@loader_path/Frameworks",
				);
				PRODUCT_BUNDLE_IDENTIFIER = bcs.BindingPracticeUITests;
				PRODUCT_NAME = "$(TARGET_NAME)";
				SWIFT_VERSION = 5.0;
				TARGETED_DEVICE_FAMILY = "1,2";
				TEST_TARGET_NAME = BindingPractice;
			};
			name = Release;
		};
/* End XCBuildConfiguration section */

/* Begin XCConfigurationList section */
		09F7213D2706937B00747150 /* Build configuration list for PBXProject "BindingPractice" */ = {
			isa = XCConfigurationList;
			buildConfigurations = (
				09F721652706938000747150 /* Debug */,
				09F721662706938000747150 /* Release */,
			);
			defaultConfigurationIsVisible = 0;
			defaultConfigurationName = Release;
		};
		09F721672706938000747150 /* Build configuration list for PBXNativeTarget "BindingPractice" */ = {
			isa = XCConfigurationList;
			buildConfigurations = (
				09F721682706938000747150 /* Debug */,
				09F721692706938000747150 /* Release */,
			);
			defaultConfigurationIsVisible = 0;
			defaultConfigurationName = Release;
		};
		09F7216A2706938000747150 /* Build configuration list for PBXNativeTarget "BindingPracticeTests" */ = {
			isa = XCConfigurationList;
			buildConfigurations = (
				09F7216B2706938000747150 /* Debug */,
				09F7216C2706938000747150 /* Release */,
			);
			defaultConfigurationIsVisible = 0;
			defaultConfigurationName = Release;
		};
		09F7216D2706938000747150 /* Build configuration list for PBXNativeTarget "BindingPracticeUITests" */ = {
			isa = XCConfigurationList;
			buildConfigurations = (
				09F7216E2706938000747150 /* Debug */,
				09F7216F2706938000747150 /* Release */,
			);
			defaultConfigurationIsVisible = 0;
			defaultConfigurationName = Release;
		};
/* End XCConfigurationList section */
	};
	rootObject = 09F7213A2706937B00747150 /* Project object */;
}
